# THIS IS AN AUTOGENERATED FILE. DO NOT EDIT THIS FILE DIRECTLY.
# yarn lockfile v1


"@types/node@^11.13.5":
  version "11.13.6"
  resolved "https://registry.yarnpkg.com/@types/node/-/node-11.13.6.tgz#37ec75690830acb0d74ce3c6c43caab787081e85"
  integrity sha512-Xoo/EBzEe8HxTSwaZNLZjaW6M6tA/+GmD3/DZ6uo8qSaolE/9Oarko0oV1fVfrLqOz0tx0nXJB4rdD5c+vixLw==

tru_readfile@^0.1.5:
  version "0.1.5"
  resolved "https://registry.yarnpkg.com/tru_readfile/-/tru_readfile-0.1.5.tgz#dc135097613dc0f9f5fe70e096f892ac00cb4f3a"
  integrity sha512-mLrNdOaSdLrtbrMEm76FsZ2/nYlBMxivK/buvAHKp5KheSy0rcDIYfKHtdJ66aSx9lnN4/PqDYChXv0eSvva1Q==

typescript@^3.4.3:
  version "3.4.4"
  resolved "https://registry.yarnpkg.com/typescript/-/typescript-3.4.4.tgz#aac4a08abecab8091a75f10842ffa0631818f785"
  integrity sha512-xt5RsIRCEaf6+j9AyOBgvVuAec0i92rgCaS3S+UVf5Z/vF2Hvtsw08wtUTJqp4djwznoAgjSxeCcU4r+CcDBJA==
